
Microsoft Visual Studio Solution File, Format Version 12.00
# Visual Studio Version 17
VisualStudioVersion = 17.10.35004.147
MinimumVisualStudioVersion = 10.0.40219.1
Project("{FAE04EC0-301F-11D3-BF4B-00C04F79EFBC}") = "ListStrings", "ListStrings\ListStrings.csproj", "{13208ECF-094B-486B-9F86-5446CC61948E}"
EndProject
Global
	GlobalSection(SolutionConfigurationPlatforms) = preSolution
		Debug|Any CPU = Debug|Any CPU
		Release|Any CPU = Release|Any CPU
	EndGlobalSection
	GlobalSection(ProjectConfigurationPlatforms) = postSolution
		{13208ECF-094B-486B-9F86-5446CC61948E}.Debug|Any CPU.ActiveCfg = Debug|Any CPU
		{13208ECF-094B-486B-9F86-5446CC61948E}.Debug|Any CPU.Build.0 = Debug|Any CPU
		{13208ECF-094B-486B-9F86-5446CC61948E}.Release|Any CPU.ActiveCfg = Release|Any CPU
		{13208ECF-094B-486B-9F86-5446CC61948E}.Release|Any CPU.Build.0 = Release|Any CPU
	EndGlobalSection
	GlobalSection(SolutionProperties) = preSolution
		HideSolutionNode = FALSE
	EndGlobalSection
	GlobalSection(ExtensibilityGlobals) = postSolution
		SolutionGuid = {111DA380-7BA8-41EC-9398-D1F809718B1F}
	EndGlobalSection
EndGlobal
